
Microsoft Visual Studio Solution File, Format Version 12.00
# Visual Studio Version 16
VisualStudioVersion = 16.0.32126.315
MinimumVisualStudioVersion = 10.0.40219.1
Project("{9A19103F-16F7-4668-BE54-9A1E7A4F7556}") = "BrouwerService", "BrouwerService\BrouwerService.csproj", "{2C1F869B-E818-464D-AD1B-D48D9071C6F6}"
EndProject
Project("{FAE04EC0-301F-11D3-BF4B-00C04F79EFBC}") = "BrouwersClient", "BrouwersClient\BrouwersClient.csproj", "{4EE06376-74E0-48B6-A64C-9635DC69C8EA}"
EndProject
Project("{FAE04EC0-301F-11D3-BF4B-00C04F79EFBC}") = "BrouwersWebClient", "BrouwersWebClient\BrouwersWebClient.csproj", "{99F868CD-9E78-42E6-964C-C9DA0B114605}"
EndProject
Project("{FAE04EC0-301F-11D3-BF4B-00C04F79EFBC}") = "BrouwersServiceUnitTests2", "BrouwersServiceUnitTests2\BrouwersServiceUnitTests2.csproj", "{FC1F457A-A2ED-4B40-9804-5CF2A01E039B}"
EndProject
Project("{FAE04EC0-301F-11D3-BF4B-00C04F79EFBC}") = "BrouwersServiceIntegrationTests", "BrouwersServiceIntegrationTests\BrouwersServiceIntegrationTests.csproj", "{7FC9C75B-B457-4B89-8B7C-0BCFB885CA51}"
EndProject
Global
	GlobalSection(SolutionConfigurationPlatforms) = preSolution
		Debug|Any CPU = Debug|Any CPU
		Release|Any CPU = Release|Any CPU
	EndGlobalSection
	GlobalSection(ProjectConfigurationPlatforms) = postSolution
		{2C1F869B-E818-464D-AD1B-D48D9071C6F6}.Debug|Any CPU.ActiveCfg = Debug|Any CPU
		{2C1F869B-E818-464D-AD1B-D48D9071C6F6}.Debug|Any CPU.Build.0 = Debug|Any CPU
		{2C1F869B-E818-464D-AD1B-D48D9071C6F6}.Release|Any CPU.ActiveCfg = Release|Any CPU
		{2C1F869B-E818-464D-AD1B-D48D9071C6F6}.Release|Any CPU.Build.0 = Release|Any CPU
		{4EE06376-74E0-48B6-A64C-9635DC69C8EA}.Debug|Any CPU.ActiveCfg = Debug|Any CPU
		{4EE06376-74E0-48B6-A64C-9635DC69C8EA}.Debug|Any CPU.Build.0 = Debug|Any CPU
		{4EE06376-74E0-48B6-A64C-9635DC69C8EA}.Release|Any CPU.ActiveCfg = Release|Any CPU
		{4EE06376-74E0-48B6-A64C-9635DC69C8EA}.Release|Any CPU.Build.0 = Release|Any CPU
		{99F868CD-9E78-42E6-964C-C9DA0B114605}.Debug|Any CPU.ActiveCfg = Debug|Any CPU
		{99F868CD-9E78-42E6-964C-C9DA0B114605}.Debug|Any CPU.Build.0 = Debug|Any CPU
		{99F868CD-9E78-42E6-964C-C9DA0B114605}.Release|Any CPU.ActiveCfg = Release|Any CPU
		{99F868CD-9E78-42E6-964C-C9DA0B114605}.Release|Any CPU.Build.0 = Release|Any CPU
		{FC1F457A-A2ED-4B40-9804-5CF2A01E039B}.Debug|Any CPU.ActiveCfg = Debug|Any CPU
		{FC1F457A-A2ED-4B40-9804-5CF2A01E039B}.Debug|Any CPU.Build.0 = Debug|Any CPU
		{FC1F457A-A2ED-4B40-9804-5CF2A01E039B}.Release|Any CPU.ActiveCfg = Release|Any CPU
		{FC1F457A-A2ED-4B40-9804-5CF2A01E039B}.Release|Any CPU.Build.0 = Release|Any CPU
		{7FC9C75B-B457-4B89-8B7C-0BCFB885CA51}.Debug|Any CPU.ActiveCfg = Debug|Any CPU
		{7FC9C75B-B457-4B89-8B7C-0BCFB885CA51}.Debug|Any CPU.Build.0 = Debug|Any CPU
		{7FC9C75B-B457-4B89-8B7C-0BCFB885CA51}.Release|Any CPU.ActiveCfg = Release|Any CPU
		{7FC9C75B-B457-4B89-8B7C-0BCFB885CA51}.Release|Any CPU.Build.0 = Release|Any CPU
	EndGlobalSection
	GlobalSection(SolutionProperties) = preSolution
		HideSolutionNode = FALSE
	EndGlobalSection
	GlobalSection(ExtensibilityGlobals) = postSolution
		SolutionGuid = {8FCDF276-5DFE-4995-A30B-D3BE2375CBB2}
	EndGlobalSection
EndGlobal
